Microsoft Visual Studio Solution File, Format Version 12.00
# Visual Studio Version 17
VisualStudioVersion = 17.0.31903.59
MinimumVisualStudioVersion = 10.0.40219.1
Project("{FAE04EC0-301F-11D3-BF4B-00C04F79EFBC}") = "CommunitySDK", "CommunitySDK\CommunitySDK.csproj", "{A0000004-0000-0000-0000-000000000004}"
EndProject
Project("{2150E333-8FDC-42A3-9474-1A3956D46DE8}") = "Smart Client Plugins", "Smart Client Plugins", "{A0000001-0000-0000-0000-000000000001}"
EndProject
Project("{2150E333-8FDC-42A3-9474-1A3956D46DE8}") = "Device Drivers", "Device Drivers", "{A0000002-0000-0000-0000-000000000002}"
EndProject
Project("{2150E333-8FDC-42A3-9474-1A3956D46DE8}") = "Admin Plugins", "Admin Plugins", "{A0000003-0000-0000-0000-000000000003}"
EndProject
Project("{FAE04EC0-301F-11D3-BF4B-00C04F79EFBC}") = "Weather", "Smart Client Plugins\Weather\Weather.csproj", "{384214C1-7244-4D1D-A599-5B2FE9210C0E}"
EndProject
Project("{FAE04EC0-301F-11D3-BF4B-00C04F79EFBC}") = "Notepad", "Smart Client Plugins\Notepad\Notepad.csproj", "{5A6B7C8D-9E0F-1234-ABCD-EF5678901234}"
EndProject
Project("{FAE04EC0-301F-11D3-BF4B-00C04F79EFBC}") = "RTMPDriver", "Device Drivers\Rtmp\RTMPDriver\RTMPDriver.csproj", "{E155114F-DD32-4F24-BDAA-954D92482D50}"
EndProject
Project("{FAE04EC0-301F-11D3-BF4B-00C04F79EFBC}") = "RTMPStreamer", "Admin Plugins\RTMPStreamer\RTMPStreamer.csproj", "{B1A2C3D4-E5F6-7890-ABCD-EF1234567890}"
EndProject
Project("{FAE04EC0-301F-11D3-BF4B-00C04F79EFBC}") = "RTMPStreamerHelper", "Admin Plugins\RTMPStreamer\RTMPStreamerHelper\RTMPStreamerHelper.csproj", "{C2D3E4F5-A6B7-8901-CDEF-123456789ABC}"
EndProject
Project("{FAE04EC0-301F-11D3-BF4B-00C04F79EFBC}") = "CertWatchdog", "Admin Plugins\CertWatchdog\CertWatchdog.csproj", "{D1C2E3F4-A5B6-4789-90AB-CDEF01230000}"
EndProject
Project("{FAE04EC0-301F-11D3-BF4B-00C04F79EFBC}") = "Auditor", "Admin Plugins\Auditor\Auditor.csproj", "{E1F2A3B4-C5D6-4789-90AB-CDEF01230001}"
EndProject
Project("{FAE04EC0-301F-11D3-BF4B-00C04F79EFBC}") = "SnapReport", "Smart Client Plugins\SnapReport\SnapReport.csproj", "{0B6EB70C-CF01-41A6-B44A-55065D6CB183}"
EndProject
Project("{FAE04EC0-301F-11D3-BF4B-00C04F79EFBC}") = "MonitorRTMPStreamer", "Smart Client Plugins\MonitorRTMPStreamer\MonitorRTMPStreamer.csproj", "{4B66AC49-14DA-4088-8849-4EE9BC99ECAC}"
EndProject
Project("{FAE04EC0-301F-11D3-BF4B-00C04F79EFBC}") = "SmartBar", "Smart Client Plugins\SmartBar\SmartBar.csproj", "{A7B8C9D0-E1F2-3456-7890-ABCDEF123456}"
EndProject
Project("{FAE04EC0-301F-11D3-BF4B-00C04F79EFBC}") = "RTSPDriver", "Device Drivers\Rtsp\RTSPDriver\RTSPDriver.csproj", "{F7E6D5C4-B3A2-4190-8F7E-6D5C4B3A2190}"
EndProject
Project("{FAE04EC0-301F-11D3-BF4B-00C04F79EFBC}") = "HttpRequests", "Admin Plugins\HttpRequests\HttpRequests.csproj", "{C4A1B2D3-E5F6-4789-AB01-23456789A000}"
EndProject
Project("{FAE04EC0-301F-11D3-BF4B-00C04F79EFBC}") = "FlexView", "Smart Client Plugins\FlexView\FlexView.csproj", "{B1C2D3E4-F5A6-4B7C-8D9E-0F1A2B3C4D5E}"
EndProject
Project("{FAE04EC0-301F-11D3-BF4B-00C04F79EFBC}") = "ViewCarousel", "Smart Client Plugins\ViewCarousel\ViewCarousel.csproj", "{FCCA8E30-6783-4A83-8D2A-C2D1787DD848}"
EndProject
Project("{FAE04EC0-301F-11D3-BF4B-00C04F79EFBC}") = "SCRemoteControl", "Smart Client Plugins\SCRemoteControl\SCRemoteControl.csproj", "{DC51DD58-A07B-48AB-8D59-09D568354A6F}"
EndProject
Project("{FAE04EC0-301F-11D3-BF4B-00C04F79EFBC}") = "Timelapse", "Smart Client Plugins\Timelapse\Timelapse.csproj", "{71A3E5C0-B2D4-4F6E-90AB-5EA900100005}"
EndProject
Project("{FAE04EC0-301F-11D3-BF4B-00C04F79EFBC}") = "RemoteManager", "Smart Client Plugins\RemoteManager\RemoteManager.csproj", "{794D9DF1-0445-4E0B-ABB2-FB3E4038CFED}"
EndProject
Project("{FAE04EC0-301F-11D3-BF4B-00C04F79EFBC}") = "InstallerCustomActions", "installer\customactions\InstallerCustomActions.csproj", "{97D26033-9FB5-4D75-85B9-F11D5495A7C7}"
EndProject
Global
	GlobalSection(SolutionConfigurationPlatforms) = preSolution
		Debug|Any CPU = Debug|Any CPU
		Debug|x64 = Debug|x64
		Release|Any CPU = Release|Any CPU
		Release|x64 = Release|x64
	EndGlobalSection
	GlobalSection(ProjectConfigurationPlatforms) = postSolution
		{384214C1-7244-4D1D-A599-5B2FE9210C0E}.Debug|Any CPU.ActiveCfg = Debug|Any CPU
		{384214C1-7244-4D1D-A599-5B2FE9210C0E}.Debug|Any CPU.Build.0 = Debug|Any CPU
		{384214C1-7244-4D1D-A599-5B2FE9210C0E}.Debug|x64.ActiveCfg = Debug|Any CPU
		{384214C1-7244-4D1D-A599-5B2FE9210C0E}.Debug|x64.Build.0 = Debug|Any CPU
		{384214C1-7244-4D1D-A599-5B2FE9210C0E}.Release|Any CPU.ActiveCfg = Release|Any CPU
		{384214C1-7244-4D1D-A599-5B2FE9210C0E}.Release|Any CPU.Build.0 = Release|Any CPU
		{384214C1-7244-4D1D-A599-5B2FE9210C0E}.Release|x64.ActiveCfg = Release|Any CPU
		{384214C1-7244-4D1D-A599-5B2FE9210C0E}.Release|x64.Build.0 = Release|Any CPU
		{5A6B7C8D-9E0F-1234-ABCD-EF5678901234}.Debug|Any CPU.ActiveCfg = Debug|Any CPU
		{5A6B7C8D-9E0F-1234-ABCD-EF5678901234}.Debug|Any CPU.Build.0 = Debug|Any CPU
		{5A6B7C8D-9E0F-1234-ABCD-EF5678901234}.Debug|x64.ActiveCfg = Debug|Any CPU
		{5A6B7C8D-9E0F-1234-ABCD-EF5678901234}.Debug|x64.Build.0 = Debug|Any CPU
		{5A6B7C8D-9E0F-1234-ABCD-EF5678901234}.Release|Any CPU.ActiveCfg = Release|Any CPU
		{5A6B7C8D-9E0F-1234-ABCD-EF5678901234}.Release|Any CPU.Build.0 = Release|Any CPU
		{5A6B7C8D-9E0F-1234-ABCD-EF5678901234}.Release|x64.ActiveCfg = Release|Any CPU
		{5A6B7C8D-9E0F-1234-ABCD-EF5678901234}.Release|x64.Build.0 = Release|Any CPU
		{E155114F-DD32-4F24-BDAA-954D92482D50}.Debug|Any CPU.ActiveCfg = Debug|AnyCPU
		{E155114F-DD32-4F24-BDAA-954D92482D50}.Debug|Any CPU.Build.0 = Debug|AnyCPU
		{E155114F-DD32-4F24-BDAA-954D92482D50}.Debug|x64.ActiveCfg = Debug|x64
		{E155114F-DD32-4F24-BDAA-954D92482D50}.Debug|x64.Build.0 = Debug|x64
		{E155114F-DD32-4F24-BDAA-954D92482D50}.Release|Any CPU.ActiveCfg = Release|AnyCPU
		{E155114F-DD32-4F24-BDAA-954D92482D50}.Release|Any CPU.Build.0 = Release|AnyCPU
		{E155114F-DD32-4F24-BDAA-954D92482D50}.Release|x64.ActiveCfg = Release|x64
		{E155114F-DD32-4F24-BDAA-954D92482D50}.Release|x64.Build.0 = Release|x64
		{B1A2C3D4-E5F6-7890-ABCD-EF1234567890}.Debug|Any CPU.ActiveCfg = Debug|AnyCPU
		{B1A2C3D4-E5F6-7890-ABCD-EF1234567890}.Debug|Any CPU.Build.0 = Debug|AnyCPU
		{B1A2C3D4-E5F6-7890-ABCD-EF1234567890}.Debug|x64.ActiveCfg = Debug|AnyCPU
		{B1A2C3D4-E5F6-7890-ABCD-EF1234567890}.Debug|x64.Build.0 = Debug|AnyCPU
		{B1A2C3D4-E5F6-7890-ABCD-EF1234567890}.Release|Any CPU.ActiveCfg = Release|AnyCPU
		{B1A2C3D4-E5F6-7890-ABCD-EF1234567890}.Release|Any CPU.Build.0 = Release|AnyCPU
		{B1A2C3D4-E5F6-7890-ABCD-EF1234567890}.Release|x64.ActiveCfg = Release|AnyCPU
		{B1A2C3D4-E5F6-7890-ABCD-EF1234567890}.Release|x64.Build.0 = Release|AnyCPU
		{C2D3E4F5-A6B7-8901-CDEF-123456789ABC}.Debug|Any CPU.ActiveCfg = Debug|AnyCPU
		{C2D3E4F5-A6B7-8901-CDEF-123456789ABC}.Debug|Any CPU.Build.0 = Debug|AnyCPU
		{C2D3E4F5-A6B7-8901-CDEF-123456789ABC}.Debug|x64.ActiveCfg = Debug|AnyCPU
		{C2D3E4F5-A6B7-8901-CDEF-123456789ABC}.Debug|x64.Build.0 = Debug|AnyCPU
		{C2D3E4F5-A6B7-8901-CDEF-123456789ABC}.Release|Any CPU.ActiveCfg = Release|AnyCPU
		{C2D3E4F5-A6B7-8901-CDEF-123456789ABC}.Release|Any CPU.Build.0 = Release|AnyCPU
		{C2D3E4F5-A6B7-8901-CDEF-123456789ABC}.Release|x64.ActiveCfg = Release|AnyCPU
		{C2D3E4F5-A6B7-8901-CDEF-123456789ABC}.Release|x64.Build.0 = Release|AnyCPU
		{D1C2E3F4-A5B6-4789-90AB-CDEF01230000}.Debug|Any CPU.ActiveCfg = Debug|Any CPU
		{D1C2E3F4-A5B6-4789-90AB-CDEF01230000}.Debug|Any CPU.Build.0 = Debug|Any CPU
		{D1C2E3F4-A5B6-4789-90AB-CDEF01230000}.Debug|x64.ActiveCfg = Debug|Any CPU
		{D1C2E3F4-A5B6-4789-90AB-CDEF01230000}.Debug|x64.Build.0 = Debug|Any CPU
		{D1C2E3F4-A5B6-4789-90AB-CDEF01230000}.Release|Any CPU.ActiveCfg = Release|Any CPU
		{D1C2E3F4-A5B6-4789-90AB-CDEF01230000}.Release|Any CPU.Build.0 = Release|Any CPU
		{D1C2E3F4-A5B6-4789-90AB-CDEF01230000}.Release|x64.ActiveCfg = Release|Any CPU
		{D1C2E3F4-A5B6-4789-90AB-CDEF01230000}.Release|x64.Build.0 = Release|Any CPU
		{0B6EB70C-CF01-41A6-B44A-55065D6CB183}.Debug|Any CPU.ActiveCfg = Debug|Any CPU
		{0B6EB70C-CF01-41A6-B44A-55065D6CB183}.Debug|Any CPU.Build.0 = Debug|Any CPU
		{0B6EB70C-CF01-41A6-B44A-55065D6CB183}.Debug|x64.ActiveCfg = Debug|Any CPU
		{0B6EB70C-CF01-41A6-B44A-55065D6CB183}.Debug|x64.Build.0 = Debug|Any CPU
		{0B6EB70C-CF01-41A6-B44A-55065D6CB183}.Release|Any CPU.ActiveCfg = Release|Any CPU
		{0B6EB70C-CF01-41A6-B44A-55065D6CB183}.Release|Any CPU.Build.0 = Release|Any CPU
		{0B6EB70C-CF01-41A6-B44A-55065D6CB183}.Release|x64.ActiveCfg = Release|Any CPU
		{0B6EB70C-CF01-41A6-B44A-55065D6CB183}.Release|x64.Build.0 = Release|Any CPU
		{4B66AC49-14DA-4088-8849-4EE9BC99ECAC}.Debug|Any CPU.ActiveCfg = Debug|Any CPU
		{4B66AC49-14DA-4088-8849-4EE9BC99ECAC}.Debug|Any CPU.Build.0 = Debug|Any CPU
		{4B66AC49-14DA-4088-8849-4EE9BC99ECAC}.Debug|x64.ActiveCfg = Debug|Any CPU
		{4B66AC49-14DA-4088-8849-4EE9BC99ECAC}.Debug|x64.Build.0 = Debug|Any CPU
		{4B66AC49-14DA-4088-8849-4EE9BC99ECAC}.Release|Any CPU.ActiveCfg = Release|Any CPU
		{4B66AC49-14DA-4088-8849-4EE9BC99ECAC}.Release|Any CPU.Build.0 = Release|Any CPU
		{4B66AC49-14DA-4088-8849-4EE9BC99ECAC}.Release|x64.ActiveCfg = Release|Any CPU
		{4B66AC49-14DA-4088-8849-4EE9BC99ECAC}.Release|x64.Build.0 = Release|Any CPU
		{E1F2A3B4-C5D6-4789-90AB-CDEF01230001}.Debug|Any CPU.ActiveCfg = Debug|Any CPU
		{E1F2A3B4-C5D6-4789-90AB-CDEF01230001}.Debug|Any CPU.Build.0 = Debug|Any CPU
		{E1F2A3B4-C5D6-4789-90AB-CDEF01230001}.Debug|x64.ActiveCfg = Debug|Any CPU
		{E1F2A3B4-C5D6-4789-90AB-CDEF01230001}.Debug|x64.Build.0 = Debug|Any CPU
		{E1F2A3B4-C5D6-4789-90AB-CDEF01230001}.Release|Any CPU.ActiveCfg = Release|Any CPU
		{E1F2A3B4-C5D6-4789-90AB-CDEF01230001}.Release|Any CPU.Build.0 = Release|Any CPU
		{E1F2A3B4-C5D6-4789-90AB-CDEF01230001}.Release|x64.ActiveCfg = Release|Any CPU
		{E1F2A3B4-C5D6-4789-90AB-CDEF01230001}.Release|x64.Build.0 = Release|Any CPU
		{A7B8C9D0-E1F2-3456-7890-ABCDEF123456}.Debug|Any CPU.ActiveCfg = Debug|Any CPU
		{A7B8C9D0-E1F2-3456-7890-ABCDEF123456}.Debug|Any CPU.Build.0 = Debug|Any CPU
		{A7B8C9D0-E1F2-3456-7890-ABCDEF123456}.Debug|x64.ActiveCfg = Debug|Any CPU
		{A7B8C9D0-E1F2-3456-7890-ABCDEF123456}.Debug|x64.Build.0 = Debug|Any CPU
		{A7B8C9D0-E1F2-3456-7890-ABCDEF123456}.Release|Any CPU.ActiveCfg = Release|Any CPU
		{A7B8C9D0-E1F2-3456-7890-ABCDEF123456}.Release|Any CPU.Build.0 = Release|Any CPU
		{A7B8C9D0-E1F2-3456-7890-ABCDEF123456}.Release|x64.ActiveCfg = Release|Any CPU
		{A7B8C9D0-E1F2-3456-7890-ABCDEF123456}.Release|x64.Build.0 = Release|Any CPU
		{A0000004-0000-0000-0000-000000000004}.Debug|Any CPU.ActiveCfg = Debug|Any CPU
		{A0000004-0000-0000-0000-000000000004}.Debug|Any CPU.Build.0 = Debug|Any CPU
		{A0000004-0000-0000-0000-000000000004}.Debug|x64.ActiveCfg = Debug|Any CPU
		{A0000004-0000-0000-0000-000000000004}.Debug|x64.Build.0 = Debug|Any CPU
		{A0000004-0000-0000-0000-000000000004}.Release|Any CPU.ActiveCfg = Release|Any CPU
		{A0000004-0000-0000-0000-000000000004}.Release|Any CPU.Build.0 = Release|Any CPU
		{A0000004-0000-0000-0000-000000000004}.Release|x64.ActiveCfg = Release|Any CPU
		{A0000004-0000-0000-0000-000000000004}.Release|x64.Build.0 = Release|Any CPU
		{F7E6D5C4-B3A2-4190-8F7E-6D5C4B3A2190}.Debug|Any CPU.ActiveCfg = Debug|Any CPU
		{F7E6D5C4-B3A2-4190-8F7E-6D5C4B3A2190}.Debug|Any CPU.Build.0 = Debug|Any CPU
		{F7E6D5C4-B3A2-4190-8F7E-6D5C4B3A2190}.Debug|x64.ActiveCfg = Debug|Any CPU
		{F7E6D5C4-B3A2-4190-8F7E-6D5C4B3A2190}.Debug|x64.Build.0 = Debug|Any CPU
		{F7E6D5C4-B3A2-4190-8F7E-6D5C4B3A2190}.Release|Any CPU.ActiveCfg = Release|Any CPU
		{F7E6D5C4-B3A2-4190-8F7E-6D5C4B3A2190}.Release|Any CPU.Build.0 = Release|Any CPU
		{F7E6D5C4-B3A2-4190-8F7E-6D5C4B3A2190}.Release|x64.ActiveCfg = Release|Any CPU
		{F7E6D5C4-B3A2-4190-8F7E-6D5C4B3A2190}.Release|x64.Build.0 = Release|Any CPU
		{C4A1B2D3-E5F6-4789-AB01-23456789A000}.Debug|Any CPU.ActiveCfg = Debug|Any CPU
		{C4A1B2D3-E5F6-4789-AB01-23456789A000}.Debug|Any CPU.Build.0 = Debug|Any CPU
		{C4A1B2D3-E5F6-4789-AB01-23456789A000}.Debug|x64.ActiveCfg = Debug|Any CPU
		{C4A1B2D3-E5F6-4789-AB01-23456789A000}.Debug|x64.Build.0 = Debug|Any CPU
		{C4A1B2D3-E5F6-4789-AB01-23456789A000}.Release|Any CPU.ActiveCfg = Release|Any CPU
		{C4A1B2D3-E5F6-4789-AB01-23456789A000}.Release|Any CPU.Build.0 = Release|Any CPU
		{C4A1B2D3-E5F6-4789-AB01-23456789A000}.Release|x64.ActiveCfg = Release|Any CPU
		{C4A1B2D3-E5F6-4789-AB01-23456789A000}.Release|x64.Build.0 = Release|Any CPU
		{B1C2D3E4-F5A6-4B7C-8D9E-0F1A2B3C4D5E}.Debug|Any CPU.ActiveCfg = Debug|Any CPU
		{B1C2D3E4-F5A6-4B7C-8D9E-0F1A2B3C4D5E}.Debug|Any CPU.Build.0 = Debug|Any CPU
		{B1C2D3E4-F5A6-4B7C-8D9E-0F1A2B3C4D5E}.Debug|x64.ActiveCfg = Debug|Any CPU
		{B1C2D3E4-F5A6-4B7C-8D9E-0F1A2B3C4D5E}.Debug|x64.Build.0 = Debug|Any CPU
		{B1C2D3E4-F5A6-4B7C-8D9E-0F1A2B3C4D5E}.Release|Any CPU.ActiveCfg = Release|Any CPU
		{B1C2D3E4-F5A6-4B7C-8D9E-0F1A2B3C4D5E}.Release|Any CPU.Build.0 = Release|Any CPU
		{B1C2D3E4-F5A6-4B7C-8D9E-0F1A2B3C4D5E}.Release|x64.ActiveCfg = Release|Any CPU
		{B1C2D3E4-F5A6-4B7C-8D9E-0F1A2B3C4D5E}.Release|x64.Build.0 = Release|Any CPU
		{FCCA8E30-6783-4A83-8D2A-C2D1787DD848}.Debug|Any CPU.ActiveCfg = Debug|Any CPU
		{FCCA8E30-6783-4A83-8D2A-C2D1787DD848}.Debug|Any CPU.Build.0 = Debug|Any CPU
		{FCCA8E30-6783-4A83-8D2A-C2D1787DD848}.Debug|x64.ActiveCfg = Debug|Any CPU
		{FCCA8E30-6783-4A83-8D2A-C2D1787DD848}.Debug|x64.Build.0 = Debug|Any CPU
		{FCCA8E30-6783-4A83-8D2A-C2D1787DD848}.Release|Any CPU.ActiveCfg = Release|Any CPU
		{FCCA8E30-6783-4A83-8D2A-C2D1787DD848}.Release|Any CPU.Build.0 = Release|Any CPU
		{FCCA8E30-6783-4A83-8D2A-C2D1787DD848}.Release|x64.ActiveCfg = Release|Any CPU
		{FCCA8E30-6783-4A83-8D2A-C2D1787DD848}.Release|x64.Build.0 = Release|Any CPU
		{DC51DD58-A07B-48AB-8D59-09D568354A6F}.Debug|Any CPU.ActiveCfg = Debug|Any CPU
		{DC51DD58-A07B-48AB-8D59-09D568354A6F}.Debug|Any CPU.Build.0 = Debug|Any CPU
		{DC51DD58-A07B-48AB-8D59-09D568354A6F}.Debug|x64.ActiveCfg = Debug|Any CPU
		{DC51DD58-A07B-48AB-8D59-09D568354A6F}.Debug|x64.Build.0 = Debug|Any CPU
		{DC51DD58-A07B-48AB-8D59-09D568354A6F}.Release|Any CPU.ActiveCfg = Release|Any CPU
		{DC51DD58-A07B-48AB-8D59-09D568354A6F}.Release|Any CPU.Build.0 = Release|Any CPU
		{DC51DD58-A07B-48AB-8D59-09D568354A6F}.Release|x64.ActiveCfg = Release|Any CPU
		{DC51DD58-A07B-48AB-8D59-09D568354A6F}.Release|x64.Build.0 = Release|Any CPU
		{97D26033-9FB5-4D75-85B9-F11D5495A7C7}.Debug|Any CPU.ActiveCfg = Debug|Any CPU
		{97D26033-9FB5-4D75-85B9-F11D5495A7C7}.Debug|Any CPU.Build.0 = Debug|Any CPU
		{97D26033-9FB5-4D75-85B9-F11D5495A7C7}.Debug|x64.ActiveCfg = Debug|Any CPU
		{97D26033-9FB5-4D75-85B9-F11D5495A7C7}.Debug|x64.Build.0 = Debug|Any CPU
		{97D26033-9FB5-4D75-85B9-F11D5495A7C7}.Release|Any CPU.ActiveCfg = Release|Any CPU
		{97D26033-9FB5-4D75-85B9-F11D5495A7C7}.Release|Any CPU.Build.0 = Release|Any CPU
		{97D26033-9FB5-4D75-85B9-F11D5495A7C7}.Release|x64.ActiveCfg = Release|Any CPU
		{97D26033-9FB5-4D75-85B9-F11D5495A7C7}.Release|x64.Build.0 = Release|Any CPU
		{71A3E5C0-B2D4-4F6E-90AB-5EA900100005}.Debug|Any CPU.ActiveCfg = Debug|Any CPU
		{71A3E5C0-B2D4-4F6E-90AB-5EA900100005}.Debug|Any CPU.Build.0 = Debug|Any CPU
		{71A3E5C0-B2D4-4F6E-90AB-5EA900100005}.Debug|x64.ActiveCfg = Debug|Any CPU
		{71A3E5C0-B2D4-4F6E-90AB-5EA900100005}.Debug|x64.Build.0 = Debug|Any CPU
		{71A3E5C0-B2D4-4F6E-90AB-5EA900100005}.Release|Any CPU.ActiveCfg = Release|Any CPU
		{71A3E5C0-B2D4-4F6E-90AB-5EA900100005}.Release|Any CPU.Build.0 = Release|Any CPU
		{71A3E5C0-B2D4-4F6E-90AB-5EA900100005}.Release|x64.ActiveCfg = Release|Any CPU
		{71A3E5C0-B2D4-4F6E-90AB-5EA900100005}.Release|x64.Build.0 = Release|Any CPU
		{794D9DF1-0445-4E0B-ABB2-FB3E4038CFED}.Debug|Any CPU.ActiveCfg = Debug|Any CPU
		{794D9DF1-0445-4E0B-ABB2-FB3E4038CFED}.Debug|Any CPU.Build.0 = Debug|Any CPU
		{794D9DF1-0445-4E0B-ABB2-FB3E4038CFED}.Debug|x64.ActiveCfg = Debug|Any CPU
		{794D9DF1-0445-4E0B-ABB2-FB3E4038CFED}.Debug|x64.Build.0 = Debug|Any CPU
		{794D9DF1-0445-4E0B-ABB2-FB3E4038CFED}.Release|Any CPU.ActiveCfg = Release|Any CPU
		{794D9DF1-0445-4E0B-ABB2-FB3E4038CFED}.Release|Any CPU.Build.0 = Release|Any CPU
		{794D9DF1-0445-4E0B-ABB2-FB3E4038CFED}.Release|x64.ActiveCfg = Release|Any CPU
		{794D9DF1-0445-4E0B-ABB2-FB3E4038CFED}.Release|x64.Build.0 = Release|Any CPU
	EndGlobalSection
	GlobalSection(SolutionProperties) = preSolution
		HideSolutionNode = FALSE
	EndGlobalSection
	GlobalSection(NestedProjects) = preSolution
		{384214C1-7244-4D1D-A599-5B2FE9210C0E} = {A0000001-0000-0000-0000-000000000001}
		{5A6B7C8D-9E0F-1234-ABCD-EF5678901234} = {A0000001-0000-0000-0000-000000000001}
		{E155114F-DD32-4F24-BDAA-954D92482D50} = {A0000002-0000-0000-0000-000000000002}
		{B1A2C3D4-E5F6-7890-ABCD-EF1234567890} = {A0000003-0000-0000-0000-000000000003}
		{C2D3E4F5-A6B7-8901-CDEF-123456789ABC} = {A0000003-0000-0000-0000-000000000003}
		{D1C2E3F4-A5B6-4789-90AB-CDEF01230000} = {A0000003-0000-0000-0000-000000000003}
		{0B6EB70C-CF01-41A6-B44A-55065D6CB183} = {A0000001-0000-0000-0000-000000000001}
		{4B66AC49-14DA-4088-8849-4EE9BC99ECAC} = {A0000001-0000-0000-0000-000000000001}
		{E1F2A3B4-C5D6-4789-90AB-CDEF01230001} = {A0000003-0000-0000-0000-000000000003}
		{A7B8C9D0-E1F2-3456-7890-ABCDEF123456} = {A0000001-0000-0000-0000-000000000001}
		{F7E6D5C4-B3A2-4190-8F7E-6D5C4B3A2190} = {A0000002-0000-0000-0000-000000000002}
		{C4A1B2D3-E5F6-4789-AB01-23456789A000} = {A0000003-0000-0000-0000-000000000003}
		{B1C2D3E4-F5A6-4B7C-8D9E-0F1A2B3C4D5E} = {A0000001-0000-0000-0000-000000000001}
		{FCCA8E30-6783-4A83-8D2A-C2D1787DD848} = {A0000001-0000-0000-0000-000000000001}
		{DC51DD58-A07B-48AB-8D59-09D568354A6F} = {A0000001-0000-0000-0000-000000000001}
		{71A3E5C0-B2D4-4F6E-90AB-5EA900100005} = {A0000001-0000-0000-0000-000000000001}
		{794D9DF1-0445-4E0B-ABB2-FB3E4038CFED} = {A0000001-0000-0000-0000-000000000001}
	EndGlobalSection
	GlobalSection(ExtensibilityGlobals) = postSolution
		SolutionGuid = {D1E2F3A4-B5C6-7890-ABCD-EF1234567890}
	EndGlobalSection
EndGlobal
